
Microsoft Visual Studio Solution File, Format Version 12.00
# Visual Studio Version 17
VisualStudioVersion = 17.0.31903.59
MinimumVisualStudioVersion = 10.0.40219.1
Project("{FAE04EC0-301F-11D3-BF4B-00C04F79EFBC}") = "ChessEngine", "Apps\ConsoleApplication\ChessEngine.csproj", "{059335E4-C017-498A-9BA8-9C6BB8398953}"
EndProject
Project("{2150E333-8FDC-42A3-9474-1A3956D46DE8}") = "BoardRepresentation", "BoardRepresentation", "{AB26824E-3E15-4CDB-A7CE-FCC3030DF958}"
EndProject
Project("{FAE04EC0-301F-11D3-BF4B-00C04F79EFBC}") = "Board", "BoardRepresentation\Board.csproj", "{28E39504-F47E-405D-8D1D-C4024AC52FBD}"
EndProject
Project("{FAE04EC0-301F-11D3-BF4B-00C04F79EFBC}") = "ConsoleAppTests", "Apps\ConsoleAppTests\ConsoleAppTests.csproj", "{A5C142E4-E97C-49DE-83AB-8272B6005F56}"
EndProject
Global
	GlobalSection(SolutionConfigurationPlatforms) = preSolution
		Debug|Any CPU = Debug|Any CPU
		Debug|x64 = Debug|x64
		Debug|x86 = Debug|x86
		Release|Any CPU = Release|Any CPU
		Release|x64 = Release|x64
		Release|x86 = Release|x86
	EndGlobalSection
	GlobalSection(ProjectConfigurationPlatforms) = postSolution
		{059335E4-C017-498A-9BA8-9C6BB8398953}.Debug|Any CPU.ActiveCfg = Debug|Any CPU
		{059335E4-C017-498A-9BA8-9C6BB8398953}.Debug|Any CPU.Build.0 = Debug|Any CPU
		{059335E4-C017-498A-9BA8-9C6BB8398953}.Debug|x64.ActiveCfg = Debug|Any CPU
		{059335E4-C017-498A-9BA8-9C6BB8398953}.Debug|x64.Build.0 = Debug|Any CPU
		{059335E4-C017-498A-9BA8-9C6BB8398953}.Debug|x86.ActiveCfg = Debug|Any CPU
		{059335E4-C017-498A-9BA8-9C6BB8398953}.Debug|x86.Build.0 = Debug|Any CPU
		{059335E4-C017-498A-9BA8-9C6BB8398953}.Release|Any CPU.ActiveCfg = Release|Any CPU
		{059335E4-C017-498A-9BA8-9C6BB8398953}.Release|Any CPU.Build.0 = Release|Any CPU
		{059335E4-C017-498A-9BA8-9C6BB8398953}.Release|x64.ActiveCfg = Release|Any CPU
		{059335E4-C017-498A-9BA8-9C6BB8398953}.Release|x64.Build.0 = Release|Any CPU
		{059335E4-C017-498A-9BA8-9C6BB8398953}.Release|x86.ActiveCfg = Release|Any CPU
		{059335E4-C017-498A-9BA8-9C6BB8398953}.Release|x86.Build.0 = Release|Any CPU
		{28E39504-F47E-405D-8D1D-C4024AC52FBD}.Debug|Any CPU.ActiveCfg = Debug|Any CPU
		{28E39504-F47E-405D-8D1D-C4024AC52FBD}.Debug|Any CPU.Build.0 = Debug|Any CPU
		{28E39504-F47E-405D-8D1D-C4024AC52FBD}.Debug|x64.ActiveCfg = Debug|Any CPU
		{28E39504-F47E-405D-8D1D-C4024AC52FBD}.Debug|x64.Build.0 = Debug|Any CPU
		{28E39504-F47E-405D-8D1D-C4024AC52FBD}.Debug|x86.ActiveCfg = Debug|Any CPU
		{28E39504-F47E-405D-8D1D-C4024AC52FBD}.Debug|x86.Build.0 = Debug|Any CPU
		{28E39504-F47E-405D-8D1D-C4024AC52FBD}.Release|Any CPU.ActiveCfg = Release|Any CPU
		{28E39504-F47E-405D-8D1D-C4024AC52FBD}.Release|Any CPU.Build.0 = Release|Any CPU
		{28E39504-F47E-405D-8D1D-C4024AC52FBD}.Release|x64.ActiveCfg = Release|Any CPU
		{28E39504-F47E-405D-8D1D-C4024AC52FBD}.Release|x64.Build.0 = Release|Any CPU
		{28E39504-F47E-405D-8D1D-C4024AC52FBD}.Release|x86.ActiveCfg = Release|Any CPU
		{28E39504-F47E-405D-8D1D-C4024AC52FBD}.Release|x86.Build.0 = Release|Any CPU
		{A5C142E4-E97C-49DE-83AB-8272B6005F56}.Debug|Any CPU.ActiveCfg = Debug|Any CPU
		{A5C142E4-E97C-49DE-83AB-8272B6005F56}.Debug|Any CPU.Build.0 = Debug|Any CPU
		{A5C142E4-E97C-49DE-83AB-8272B6005F56}.Debug|x64.ActiveCfg = Debug|Any CPU
		{A5C142E4-E97C-49DE-83AB-8272B6005F56}.Debug|x64.Build.0 = Debug|Any CPU
		{A5C142E4-E97C-49DE-83AB-8272B6005F56}.Debug|x86.ActiveCfg = Debug|Any CPU
		{A5C142E4-E97C-49DE-83AB-8272B6005F56}.Debug|x86.Build.0 = Debug|Any CPU
		{A5C142E4-E97C-49DE-83AB-8272B6005F56}.Release|Any CPU.ActiveCfg = Release|Any CPU
		{A5C142E4-E97C-49DE-83AB-8272B6005F56}.Release|Any CPU.Build.0 = Release|Any CPU
		{A5C142E4-E97C-49DE-83AB-8272B6005F56}.Release|x64.ActiveCfg = Release|Any CPU
		{A5C142E4-E97C-49DE-83AB-8272B6005F56}.Release|x64.Build.0 = Release|Any CPU
		{A5C142E4-E97C-49DE-83AB-8272B6005F56}.Release|x86.ActiveCfg = Release|Any CPU
		{A5C142E4-E97C-49DE-83AB-8272B6005F56}.Release|x86.Build.0 = Release|Any CPU
	EndGlobalSection
	GlobalSection(SolutionProperties) = preSolution
		HideSolutionNode = FALSE
	EndGlobalSection
	GlobalSection(NestedProjects) = preSolution
		{28E39504-F47E-405D-8D1D-C4024AC52FBD} = {AB26824E-3E15-4CDB-A7CE-FCC3030DF958}
	EndGlobalSection
EndGlobal
